{
  "name": "14__Publishing Package On NPM",
  "lockfileVersion": 3,
  "requires": true,
  "packages": {
    "": {
      "dependencies": {
        "testingthisprogram": "^1.0.1"
      }
    },
    "node_modules/testingthisprogram": {
      "version": "1.0.1",
      "resolved": "https://registry.npmjs.org/testingthisprogram/-/testingthisprogram-1.0.1.tgz",
      "integrity": "sha512-Pr0n1urLszxhoHqkjTClICrmqKvDG3deYBeGC8SR/74a1ExSeT8lXb0XseCBSl/l1zyCiVXw9n9GwyYjfGqrIw=="
    }
  }
}
